
Microsoft Visual Studio Solution File, Format Version 12.00
# Visual Studio 14
VisualStudioVersion = 14.0.23107.0
MinimumVisualStudioVersion = 10.0.40219.1
Project("{FAE04EC0-301F-11D3-BF4B-00C04F79EFBC}") = "Chapter02_CreativeMenu", "Chapter02_CreativeMenu\Chapter02_CreativeMenu\Chapter02_CreativeMenu.csproj", "{A73B4501-F7D9-4E97-9D71-E8F0EF3F9138}"
EndProject
Project("{FAE04EC0-301F-11D3-BF4B-00C04F79EFBC}") = "Chapter02_CreativeMenuContent", "Chapter02_CreativeMenu\Chapter02_CreativeMenuContent\Chapter02_CreativeMenuContent.contentproj", "{282A6107-7E6E-4F1D-A483-A705DFAF9822}"
EndProject
Project("{FAE04EC0-301F-11D3-BF4B-00C04F79EFBC}") = "Chapter2_CreativeMenu_Release", "Chapter2_CreativeMenu_Release\Chapter2_CreativeMenu_Release\Chapter2_CreativeMenu_Release.csproj", "{6E5BE5EC-CC5B-410F-8CCA-140EEE3AAF1A}"
EndProject
Project("{FAE04EC0-301F-11D3-BF4B-00C04F79EFBC}") = "Chapter2_CreativeMenu_ReleaseContent", "Chapter2_CreativeMenu_Release\Chapter2_CreativeMenu_ReleaseContent\Chapter2_CreativeMenu_ReleaseContent.contentproj", "{3B96F803-4234-467D-9BB2-A7AAD789A0EA}"
EndProject
Project("{FAE04EC0-301F-11D3-BF4B-00C04F79EFBC}") = "GoingBeyond", "GoingBeyond\GoingBeyond\GoingBeyond.csproj", "{649B70EC-D07D-4C3D-A52B-19F2E30375D1}"
EndProject
Project("{FAE04EC0-301F-11D3-BF4B-00C04F79EFBC}") = "GoingBeyondContent", "GoingBeyond\GoingBeyondContent\GoingBeyondContent.contentproj", "{AC83DAFA-1235-430C-BAB1-E3A11412E61C}"
EndProject
Project("{FAE04EC0-301F-11D3-BF4B-00C04F79EFBC}") = "GoingBeyond4", "GoingBeyond4\GoingBeyond4\GoingBeyond4.csproj", "{94E4F9CD-70EB-4F12-A3A3-99A726318657}"
EndProject
Project("{96E2B04D-8817-42C6-938A-82C39BA4D311}") = "GoingBeyond4Content", "GoingBeyond4\GoingBeyond4Content\GoingBeyond4Content.contentproj", "{B8829CD4-ED29-450F-9995-180BE3A98848}"
EndProject
Global
	GlobalSection(SolutionConfigurationPlatforms) = preSolution
		Debug|x86 = Debug|x86
		Release|x86 = Release|x86
	EndGlobalSection
	GlobalSection(ProjectConfigurationPlatforms) = postSolution
		{A73B4501-F7D9-4E97-9D71-E8F0EF3F9138}.Debug|x86.ActiveCfg = Debug|x86
		{A73B4501-F7D9-4E97-9D71-E8F0EF3F9138}.Debug|x86.Build.0 = Debug|x86
		{A73B4501-F7D9-4E97-9D71-E8F0EF3F9138}.Release|x86.ActiveCfg = Release|x86
		{A73B4501-F7D9-4E97-9D71-E8F0EF3F9138}.Release|x86.Build.0 = Release|x86
		{282A6107-7E6E-4F1D-A483-A705DFAF9822}.Debug|x86.ActiveCfg = Debug|x86
		{282A6107-7E6E-4F1D-A483-A705DFAF9822}.Release|x86.ActiveCfg = Release|x86
		{6E5BE5EC-CC5B-410F-8CCA-140EEE3AAF1A}.Debug|x86.ActiveCfg = Debug|x86
		{6E5BE5EC-CC5B-410F-8CCA-140EEE3AAF1A}.Debug|x86.Build.0 = Debug|x86
		{6E5BE5EC-CC5B-410F-8CCA-140EEE3AAF1A}.Release|x86.ActiveCfg = Release|x86
		{6E5BE5EC-CC5B-410F-8CCA-140EEE3AAF1A}.Release|x86.Build.0 = Release|x86
		{3B96F803-4234-467D-9BB2-A7AAD789A0EA}.Debug|x86.ActiveCfg = Debug|x86
		{3B96F803-4234-467D-9BB2-A7AAD789A0EA}.Release|x86.ActiveCfg = Release|x86
		{649B70EC-D07D-4C3D-A52B-19F2E30375D1}.Debug|x86.ActiveCfg = Debug|x86
		{649B70EC-D07D-4C3D-A52B-19F2E30375D1}.Debug|x86.Build.0 = Debug|x86
		{649B70EC-D07D-4C3D-A52B-19F2E30375D1}.Release|x86.ActiveCfg = Release|x86
		{649B70EC-D07D-4C3D-A52B-19F2E30375D1}.Release|x86.Build.0 = Release|x86
		{AC83DAFA-1235-430C-BAB1-E3A11412E61C}.Debug|x86.ActiveCfg = Debug|x86
		{AC83DAFA-1235-430C-BAB1-E3A11412E61C}.Release|x86.ActiveCfg = Release|x86
		{94E4F9CD-70EB-4F12-A3A3-99A726318657}.Debug|x86.ActiveCfg = Debug|x86
		{94E4F9CD-70EB-4F12-A3A3-99A726318657}.Debug|x86.Build.0 = Debug|x86
		{94E4F9CD-70EB-4F12-A3A3-99A726318657}.Release|x86.ActiveCfg = Release|x86
		{94E4F9CD-70EB-4F12-A3A3-99A726318657}.Release|x86.Build.0 = Release|x86
		{B8829CD4-ED29-450F-9995-180BE3A98848}.Debug|x86.ActiveCfg = Debug|x86
		{B8829CD4-ED29-450F-9995-180BE3A98848}.Release|x86.ActiveCfg = Release|x86
	EndGlobalSection
	GlobalSection(SolutionProperties) = preSolution
		HideSolutionNode = FALSE
	EndGlobalSection
EndGlobal
